
Microsoft Visual Studio Solution File, Format Version 12.00
# Visual Studio Version 17
VisualStudioVersion = 17.8.34316.72
MinimumVisualStudioVersion = 10.0.40219.1
Project("{9A19103F-16F7-4668-BE54-9A1E7A4F7556}") = "RGCore", "RGCore.csproj", "{9597E10D-434A-4D41-BC09-682D36F6E295}"
EndProject
Project("{9A19103F-16F7-4668-BE54-9A1E7A4F7556}") = "API", "src\API\API.csproj", "{B7658759-92A4-4972-BBDF-52DD2BFA1900}"
EndProject
Project("{9A19103F-16F7-4668-BE54-9A1E7A4F7556}") = "Implementation", "src\Implementation\Implementation.csproj", "{4E976C9F-4FA2-4AB1-B46D-8C98FB77207C}"
EndProject
Project("{9A19103F-16F7-4668-BE54-9A1E7A4F7556}") = "Abstraction", "src\Abstraction\Abstraction.csproj", "{55D64F56-B7F7-4EF6-B4FF-BD1DD8B3C4B4}"
EndProject
Project("{9A19103F-16F7-4668-BE54-9A1E7A4F7556}") = "Domain", "src\Domain\Domain.csproj", "{1C2D065D-51D6-47D2-8062-1A76B2B11599}"
EndProject
Project("{9A19103F-16F7-4668-BE54-9A1E7A4F7556}") = "Helper", "src\Helper\Helper.csproj", "{2B8AC369-0AFC-47D2-AA73-4C75F9D78EFD}"
EndProject
Global
	GlobalSection(SolutionConfigurationPlatforms) = preSolution
		Debug|Any CPU = Debug|Any CPU
		Release|Any CPU = Release|Any CPU
	EndGlobalSection
	GlobalSection(ProjectConfigurationPlatforms) = postSolution
		{9597E10D-434A-4D41-BC09-682D36F6E295}.Debug|Any CPU.ActiveCfg = Debug|Any CPU
		{9597E10D-434A-4D41-BC09-682D36F6E295}.Debug|Any CPU.Build.0 = Debug|Any CPU
		{9597E10D-434A-4D41-BC09-682D36F6E295}.Release|Any CPU.ActiveCfg = Release|Any CPU
		{9597E10D-434A-4D41-BC09-682D36F6E295}.Release|Any CPU.Build.0 = Release|Any CPU
		{B7658759-92A4-4972-BBDF-52DD2BFA1900}.Debug|Any CPU.ActiveCfg = Debug|Any CPU
		{B7658759-92A4-4972-BBDF-52DD2BFA1900}.Debug|Any CPU.Build.0 = Debug|Any CPU
		{B7658759-92A4-4972-BBDF-52DD2BFA1900}.Release|Any CPU.ActiveCfg = Release|Any CPU
		{B7658759-92A4-4972-BBDF-52DD2BFA1900}.Release|Any CPU.Build.0 = Release|Any CPU
		{4E976C9F-4FA2-4AB1-B46D-8C98FB77207C}.Debug|Any CPU.ActiveCfg = Debug|Any CPU
		{4E976C9F-4FA2-4AB1-B46D-8C98FB77207C}.Debug|Any CPU.Build.0 = Debug|Any CPU
		{4E976C9F-4FA2-4AB1-B46D-8C98FB77207C}.Release|Any CPU.ActiveCfg = Release|Any CPU
		{4E976C9F-4FA2-4AB1-B46D-8C98FB77207C}.Release|Any CPU.Build.0 = Release|Any CPU
		{55D64F56-B7F7-4EF6-B4FF-BD1DD8B3C4B4}.Debug|Any CPU.ActiveCfg = Debug|Any CPU
		{55D64F56-B7F7-4EF6-B4FF-BD1DD8B3C4B4}.Debug|Any CPU.Build.0 = Debug|Any CPU
		{55D64F56-B7F7-4EF6-B4FF-BD1DD8B3C4B4}.Release|Any CPU.ActiveCfg = Release|Any CPU
		{55D64F56-B7F7-4EF6-B4FF-BD1DD8B3C4B4}.Release|Any CPU.Build.0 = Release|Any CPU
		{1C2D065D-51D6-47D2-8062-1A76B2B11599}.Debug|Any CPU.ActiveCfg = Debug|Any CPU
		{1C2D065D-51D6-47D2-8062-1A76B2B11599}.Debug|Any CPU.Build.0 = Debug|Any CPU
		{1C2D065D-51D6-47D2-8062-1A76B2B11599}.Release|Any CPU.ActiveCfg = Release|Any CPU
		{1C2D065D-51D6-47D2-8062-1A76B2B11599}.Release|Any CPU.Build.0 = Release|Any CPU
		{2B8AC369-0AFC-47D2-AA73-4C75F9D78EFD}.Debug|Any CPU.ActiveCfg = Debug|Any CPU
		{2B8AC369-0AFC-47D2-AA73-4C75F9D78EFD}.Debug|Any CPU.Build.0 = Debug|Any CPU
		{2B8AC369-0AFC-47D2-AA73-4C75F9D78EFD}.Release|Any CPU.ActiveCfg = Release|Any CPU
		{2B8AC369-0AFC-47D2-AA73-4C75F9D78EFD}.Release|Any CPU.Build.0 = Release|Any CPU
	EndGlobalSection
	GlobalSection(SolutionProperties) = preSolution
		HideSolutionNode = FALSE
	EndGlobalSection
	GlobalSection(ExtensibilityGlobals) = postSolution
		SolutionGuid = {59ED631C-280D-4FD5-8366-7DD75D5CC4F0}
	EndGlobalSection
EndGlobal
